
Microsoft Visual Studio Solution File, Format Version 12.00
# Visual Studio 2013
VisualStudioVersion = 12.0.21005.1
MinimumVisualStudioVersion = 10.0.40219.1
Project("{FAE04EC0-301F-11D3-BF4B-00C04F79EFBC}") = "AutoManagement", "auto-management\AutoManagement.csproj", "{072FE93D-203B-4ACA-83A6-2357ADB6FBAE}"
EndProject
Project("{FAE04EC0-301F-11D3-BF4B-00C04F79EFBC}") = "DataAccess", "DataAccess\DataAccess.csproj", "{EE034A75-037B-41C0-A2AF-ECB53F6ECAFE}"
EndProject
Global
	GlobalSection(SolutionConfigurationPlatforms) = preSolution
		Debug|Any CPU = Debug|Any CPU
		Release|Any CPU = Release|Any CPU
	EndGlobalSection
	GlobalSection(ProjectConfigurationPlatforms) = postSolution
		{072FE93D-203B-4ACA-83A6-2357ADB6FBAE}.Debug|Any CPU.ActiveCfg = Debug|Any CPU
		{072FE93D-203B-4ACA-83A6-2357ADB6FBAE}.Debug|Any CPU.Build.0 = Debug|Any CPU
		{072FE93D-203B-4ACA-83A6-2357ADB6FBAE}.Release|Any CPU.ActiveCfg = Release|Any CPU
		{072FE93D-203B-4ACA-83A6-2357ADB6FBAE}.Release|Any CPU.Build.0 = Release|Any CPU
		{EE034A75-037B-41C0-A2AF-ECB53F6ECAFE}.Debug|Any CPU.ActiveCfg = Debug|Any CPU
		{EE034A75-037B-41C0-A2AF-ECB53F6ECAFE}.Debug|Any CPU.Build.0 = Debug|Any CPU
		{EE034A75-037B-41C0-A2AF-ECB53F6ECAFE}.Release|Any CPU.ActiveCfg = Release|Any CPU
		{EE034A75-037B-41C0-A2AF-ECB53F6ECAFE}.Release|Any CPU.Build.0 = Release|Any CPU
	EndGlobalSection
	GlobalSection(SolutionProperties) = preSolution
		HideSolutionNode = FALSE
	EndGlobalSection
EndGlobal
