
Microsoft Visual Studio Solution File, Format Version 12.00
# Visual Studio 2013
VisualStudioVersion = 12.0.21005.1
MinimumVisualStudioVersion = 10.0.40219.1
Project("{FAE04EC0-301F-11D3-BF4B-00C04F79EFBC}") = "AutoManagement", "auto-management\AutoManagement.csproj", "{072FE93D-203B-4ACA-83A6-2357ADB6FBAE}"
EndProject
Project("{FAE04EC0-301F-11D3-BF4B-00C04F79EFBC}") = "DataAccess", "DataAccess\DataAccess.csproj", "{0D58A2EC-10D0-427A-B689-DCEF0862B977}"
EndProject
Project("{FAE04EC0-301F-11D3-BF4B-00C04F79EFBC}") = "Domain", "Domain\Domain.csproj", "{DBCFE915-82A9-40AC-AD15-692B27E0F0AD}"
EndProject
Global
	GlobalSection(SolutionConfigurationPlatforms) = preSolution
		Debug|Any CPU = Debug|Any CPU
		Release|Any CPU = Release|Any CPU
	EndGlobalSection
	GlobalSection(ProjectConfigurationPlatforms) = postSolution
		{072FE93D-203B-4ACA-83A6-2357ADB6FBAE}.Debug|Any CPU.ActiveCfg = Debug|Any CPU
		{072FE93D-203B-4ACA-83A6-2357ADB6FBAE}.Debug|Any CPU.Build.0 = Debug|Any CPU
		{072FE93D-203B-4ACA-83A6-2357ADB6FBAE}.Release|Any CPU.ActiveCfg = Release|Any CPU
		{072FE93D-203B-4ACA-83A6-2357ADB6FBAE}.Release|Any CPU.Build.0 = Release|Any CPU
		{0D58A2EC-10D0-427A-B689-DCEF0862B977}.Debug|Any CPU.ActiveCfg = Debug|Any CPU
		{0D58A2EC-10D0-427A-B689-DCEF0862B977}.Debug|Any CPU.Build.0 = Debug|Any CPU
		{0D58A2EC-10D0-427A-B689-DCEF0862B977}.Release|Any CPU.ActiveCfg = Release|Any CPU
		{0D58A2EC-10D0-427A-B689-DCEF0862B977}.Release|Any CPU.Build.0 = Release|Any CPU
		{DBCFE915-82A9-40AC-AD15-692B27E0F0AD}.Debug|Any CPU.ActiveCfg = Debug|Any CPU
		{DBCFE915-82A9-40AC-AD15-692B27E0F0AD}.Debug|Any CPU.Build.0 = Debug|Any CPU
		{DBCFE915-82A9-40AC-AD15-692B27E0F0AD}.Release|Any CPU.ActiveCfg = Release|Any CPU
		{DBCFE915-82A9-40AC-AD15-692B27E0F0AD}.Release|Any CPU.Build.0 = Release|Any CPU
	EndGlobalSection
	GlobalSection(SolutionProperties) = preSolution
		HideSolutionNode = FALSE
	EndGlobalSection
EndGlobal
